
Microsoft Visual Studio Solution File, Format Version 12.00
# Visual Studio Version 17
VisualStudioVersion = 17.7.34221.43
MinimumVisualStudioVersion = 10.0.40219.1
Project("{FAE04EC0-301F-11D3-BF4B-00C04F79EFBC}") = "Port", "Port\Port.csproj", "{81FF339B-7E5D-4C02-B9DF-C9559FCD91E5}"
EndProject
Global
	GlobalSection(SolutionConfigurationPlatforms) = preSolution
		Debug|Any CPU = Debug|Any CPU
		Release|Any CPU = Release|Any CPU
	EndGlobalSection
	GlobalSection(ProjectConfigurationPlatforms) = postSolution
		{81FF339B-7E5D-4C02-B9DF-C9559FCD91E5}.Debug|Any CPU.ActiveCfg = Debug|Any CPU
		{81FF339B-7E5D-4C02-B9DF-C9559FCD91E5}.Debug|Any CPU.Build.0 = Debug|Any CPU
		{81FF339B-7E5D-4C02-B9DF-C9559FCD91E5}.Release|Any CPU.ActiveCfg = Release|Any CPU
		{81FF339B-7E5D-4C02-B9DF-C9559FCD91E5}.Release|Any CPU.Build.0 = Release|Any CPU
	EndGlobalSection
	GlobalSection(SolutionProperties) = preSolution
		HideSolutionNode = FALSE
	EndGlobalSection
	GlobalSection(ExtensibilityGlobals) = postSolution
		SolutionGuid = {1D481655-9E64-4E9B-938C-288137876D77}
	EndGlobalSection
EndGlobal
